
Microsoft Visual Studio Solution File, Format Version 12.00
# Visual Studio Version 17
VisualStudioVersion = 17.0.31903.59
MinimumVisualStudioVersion = 10.0.40219.1
Project("{FAE04EC0-301F-11D3-BF4B-00C04F79EFBC}") = "CatalogService", "CatalogService\CatalogService.csproj", "{9627DAE6-E17A-424F-B06C-F6D81E216F89}"
EndProject
Project("{FAE04EC0-301F-11D3-BF4B-00C04F79EFBC}") = "ShoppingCartService", "ShoppingCartService\ShoppingCartService.csproj", "{9E3D14B5-9307-4C97-B51A-1BE4D61534F7}"
EndProject
Project("{FAE04EC0-301F-11D3-BF4B-00C04F79EFBC}") = "OrderProcessingService", "OrderProcessingService\OrderProcessingService.csproj", "{402E79C8-F36F-4DBF-AC81-FC5015683A7C}"
EndProject
Project("{FAE04EC0-301F-11D3-BF4B-00C04F79EFBC}") = "TestConsoleApp", "TestConsoleApp\TestConsoleApp.csproj", "{1BC5BAE7-E8BF-4C9E-A686-CEB657BFE0D4}"
EndProject
Project("{FAE04EC0-301F-11D3-BF4B-00C04F79EFBC}") = "HRServiceTestApp", "HRServiceTestApp\HRServiceTestApp.csproj", "{F4BC34ED-6802-479E-BF7F-5542FE5828DB}"
EndProject
Global
	GlobalSection(SolutionConfigurationPlatforms) = preSolution
		Debug|Any CPU = Debug|Any CPU
		Release|Any CPU = Release|Any CPU
	EndGlobalSection
	GlobalSection(SolutionProperties) = preSolution
		HideSolutionNode = FALSE
	EndGlobalSection
	GlobalSection(ProjectConfigurationPlatforms) = postSolution
		{9627DAE6-E17A-424F-B06C-F6D81E216F89}.Debug|Any CPU.ActiveCfg = Debug|Any CPU
		{9627DAE6-E17A-424F-B06C-F6D81E216F89}.Debug|Any CPU.Build.0 = Debug|Any CPU
		{9627DAE6-E17A-424F-B06C-F6D81E216F89}.Release|Any CPU.ActiveCfg = Release|Any CPU
		{9627DAE6-E17A-424F-B06C-F6D81E216F89}.Release|Any CPU.Build.0 = Release|Any CPU
		{9E3D14B5-9307-4C97-B51A-1BE4D61534F7}.Debug|Any CPU.ActiveCfg = Debug|Any CPU
		{9E3D14B5-9307-4C97-B51A-1BE4D61534F7}.Debug|Any CPU.Build.0 = Debug|Any CPU
		{9E3D14B5-9307-4C97-B51A-1BE4D61534F7}.Release|Any CPU.ActiveCfg = Release|Any CPU
		{9E3D14B5-9307-4C97-B51A-1BE4D61534F7}.Release|Any CPU.Build.0 = Release|Any CPU
		{402E79C8-F36F-4DBF-AC81-FC5015683A7C}.Debug|Any CPU.ActiveCfg = Debug|Any CPU
		{402E79C8-F36F-4DBF-AC81-FC5015683A7C}.Debug|Any CPU.Build.0 = Debug|Any CPU
		{402E79C8-F36F-4DBF-AC81-FC5015683A7C}.Release|Any CPU.ActiveCfg = Release|Any CPU
		{402E79C8-F36F-4DBF-AC81-FC5015683A7C}.Release|Any CPU.Build.0 = Release|Any CPU
		{C8F0A8B1-F492-4466-8ECD-C2CBEA01BA4A}.Debug|Any CPU.ActiveCfg = Debug|Any CPU
		{C8F0A8B1-F492-4466-8ECD-C2CBEA01BA4A}.Debug|Any CPU.Build.0 = Debug|Any CPU
		{C8F0A8B1-F492-4466-8ECD-C2CBEA01BA4A}.Release|Any CPU.ActiveCfg = Release|Any CPU
		{C8F0A8B1-F492-4466-8ECD-C2CBEA01BA4A}.Release|Any CPU.Build.0 = Release|Any CPU
		{C0164EC2-7E3A-4C13-8D18-627312CEC243}.Debug|Any CPU.ActiveCfg = Debug|Any CPU
		{C0164EC2-7E3A-4C13-8D18-627312CEC243}.Debug|Any CPU.Build.0 = Debug|Any CPU
		{C0164EC2-7E3A-4C13-8D18-627312CEC243}.Release|Any CPU.ActiveCfg = Release|Any CPU
		{C0164EC2-7E3A-4C13-8D18-627312CEC243}.Release|Any CPU.Build.0 = Release|Any CPU
		{1BC5BAE7-E8BF-4C9E-A686-CEB657BFE0D4}.Debug|Any CPU.ActiveCfg = Debug|Any CPU
		{1BC5BAE7-E8BF-4C9E-A686-CEB657BFE0D4}.Debug|Any CPU.Build.0 = Debug|Any CPU
		{1BC5BAE7-E8BF-4C9E-A686-CEB657BFE0D4}.Release|Any CPU.ActiveCfg = Release|Any CPU
		{1BC5BAE7-E8BF-4C9E-A686-CEB657BFE0D4}.Release|Any CPU.Build.0 = Release|Any CPU
		{F4BC34ED-6802-479E-BF7F-5542FE5828DB}.Debug|Any CPU.ActiveCfg = Debug|Any CPU
		{F4BC34ED-6802-479E-BF7F-5542FE5828DB}.Debug|Any CPU.Build.0 = Debug|Any CPU
		{F4BC34ED-6802-479E-BF7F-5542FE5828DB}.Release|Any CPU.ActiveCfg = Release|Any CPU
		{F4BC34ED-6802-479E-BF7F-5542FE5828DB}.Release|Any CPU.Build.0 = Release|Any CPU
	EndGlobalSection
EndGlobal
